// !$*UTF8*$!
{
	archiveVersion = 1;
	classes = {
	};
	objectVersion = 46;
	objects = {

/* Begin PBXBuildFile section */
		82B24D0A1E521D6000182A37 /* AppDelegate.m in Sources */ = {isa = PBXBuildFile; fileRef = 82B24D091E521D6000182A37 /* AppDelegate.m */; };
		82B24D0D1E521D6000182A37 /* main.m in Sources */ = {isa = PBXBuildFile; fileRef = 82B24D0C1E521D6000182A37 /* main.m */; };
		82B24D0F1E521D6000182A37 /* Assets.xcassets in Resources */ = {isa = PBXBuildFile; fileRef = 82B24D0E1E521D6000182A37 /* Assets.xcassets */; };
		82B24D121E521D6000182A37 /* MainMenu.xib in Resources */ = {isa = PBXBuildFile; fileRef = 82B24D101E521D6000182A37 /* MainMenu.xib */; };
		82B24D1D1E521D6000182A37 /* TouchBarTestTests.m in Sources */ = {isa = PBXBuildFile; fileRef = 82B24D1C1E521D6000182A37 /* TouchBarTestTests.m */; };
		82B24D281E521D6000182A37 /* TouchBarTestUITests.m in Sources */ = {isa = PBXBuildFile; fileRef = 82B24D271E521D6000182A37 /* TouchBarTestUITests.m */; };
		82B24D381E5223D800182A37 /* DFRFoundation.framework in Frameworks */ = {isa = PBXBuildFile; fileRef = 82B24D371E5223D800182A37 /* DFRFoundation.framework */; };
/* End PBXBuildFile section */

/* Begin PBXContainerItemProxy section */
		82B24D191E521D6000182A37 /* PBXContainerItemProxy */ = {
			isa = PBXContainerItemProxy;
			containerPortal = 82B24CFD1E521D6000182A37 /* Project object */;
			proxyType = 1;
			remoteGlobalIDString = 82B24D041E521D6000182A37;
			remoteInfo = TouchBarTest;
		};
		82B24D241E521D6000182A37 /* PBXContainerItemProxy */ = {
			isa = PBXContainerItemProxy;
			containerPortal = 82B24CFD1E521D6000182A37 /* Project object */;
			proxyType = 1;
			remoteGlobalIDString = 82B24D041E521D6000182A37;
			remoteInfo = TouchBarTest;
		};
/* End PBXContainerItemProxy section */

/* Begin PBXFileReference section */
		82B24D051E521D6000182A37 /* TouchBarTest.app */ = {isa = PBXFileReference; explicitFileType = wrapper.application; includeInIndex = 0; path = TouchBarTest.app; sourceTree = BUILT_PRODUCTS_DIR; };
		82B24D081E521D6000182A37 /* AppDelegate.h */ = {isa = PBXFileReference; lastKnownFileType = sourcecode.c.h; path = AppDelegate.h; sourceTree = "<group>"; };
		82B24D091E521D6000182A37 /* AppDelegate.m */ = {isa = PBXFileReference; lastKnownFileType = sourcecode.c.objc; path = AppDelegate.m; sourceTree = "<group>"; };
		82B24D0C1E521D6000182A37 /* main.m */ = {isa = PBXFileReference; lastKnownFileType = sourcecode.c.objc; path = main.m; sourceTree = "<group>"; };
		82B24D0E1E521D6000182A37 /* Assets.xcassets */ = {isa = PBXFileReference; lastKnownFileType = folder.assetcatalog; path = Assets.xcassets; sourceTree = "<group>"; };
		82B24D111E521D6000182A37 /* Base */ = {isa = PBXFileReference; lastKnownFileType = file.xib; name = Base; path = Base.lproj/MainMenu.xib; sourceTree = "<group>"; };
		82B24D131E521D6000182A37 /* Info.plist */ = {isa = PBXFileReference; lastKnownFileType = text.plist.xml; path = Info.plist; sourceTree = "<group>"; };
		82B24D181E521D6000182A37 /* TouchBarTestTests.xctest */ = {isa = PBXFileReference; explicitFileType = wrapper.cfbundle; includeInIndex = 0; path = TouchBarTestTests.xctest; sourceTree = BUILT_PRODUCTS_DIR; };
		82B24D1C1E521D6000182A37 /* TouchBarTestTests.m */ = {isa = PBXFileReference; lastKnownFileType = sourcecode.c.objc; path = TouchBarTestTests.m; sourceTree = "<group>"; };
		82B24D1E1E521D6000182A37 /* Info.plist */ = {isa = PBXFileReference; lastKnownFileType = text.plist.xml; path = Info.plist; sourceTree = "<group>"; };
		82B24D231E521D6000182A37 /* TouchBarTestUITests.xctest */ = {isa = PBXFileReference; explicitFileType = wrapper.cfbundle; includeInIndex = 0; path = TouchBarTestUITests.xctest; sourceTree = BUILT_PRODUCTS_DIR; };
		82B24D271E521D6000182A37 /* TouchBarTestUITests.m */ = {isa = PBXFileReference; lastKnownFileType = sourcecode.c.objc; path = TouchBarTestUITests.m; sourceTree = "<group>"; };
		82B24D291E521D6000182A37 /* Info.plist */ = {isa = PBXFileReference; lastKnownFileType = text.plist.xml; path = Info.plist; sourceTree = "<group>"; };
		82B24D351E52206800182A37 /* TouchBar.h */ = {isa = PBXFileReference; lastKnownFileType = sourcecode.c.h; path = TouchBar.h; sourceTree = "<group>"; };
		82B24D371E5223D800182A37 /* DFRFoundation.framework */ = {isa = PBXFileReference; lastKnownFileType = wrapper.framework; name = DFRFoundation.framework; path = ../../../../System/Library/PrivateFrameworks/DFRFoundation.framework; sourceTree = "<group>"; };
/* End PBXFileReference section */

/* Begin PBXFrameworksBuildPhase section */
		82B24D021E521D6000182A37 /* Frameworks */ = {
			isa = PBXFrameworksBuildPhase;
			buildActionMask = 2147483647;
			files = (
				82B24D381E5223D800182A37 /* DFRFoundation.framework in Frameworks */,
			);
			runOnlyForDeploymentPostprocessing = 0;
		};
		82B24D151E521D6000182A37 /* Frameworks */ = {
			isa = PBXFrameworksBuildPhase;
			buildActionMask = 2147483647;
			files = (
			);
			runOnlyForDeploymentPostprocessing = 0;
		};
		82B24D201E521D6000182A37 /* Frameworks */ = {
			isa = PBXFrameworksBuildPhase;
			buildActionMask = 2147483647;
			files = (
			);
			runOnlyForDeploymentPostprocessing = 0;
		};
/* End PBXFrameworksBuildPhase section */

/* Begin PBXGroup section */
		82B24CFC1E521D6000182A37 = {
			isa = PBXGroup;
			children = (
				82B24D071E521D6000182A37 /* TouchBarTest */,
				82B24D1B1E521D6000182A37 /* TouchBarTestTests */,
				82B24D261E521D6000182A37 /* TouchBarTestUITests */,
				82B24D361E5223D800182A37 /* Frameworks */,
				82B24D061E521D6000182A37 /* Products */,
			);
			sourceTree = "<group>";
		};
		82B24D061E521D6000182A37 /* Products */ = {
			isa = PBXGroup;
			children = (
				82B24D051E521D6000182A37 /* TouchBarTest.app */,
				82B24D181E521D6000182A37 /* TouchBarTestTests.xctest */,
				82B24D231E521D6000182A37 /* TouchBarTestUITests.xctest */,
			);
			name = Products;
			sourceTree = "<group>";
		};
		82B24D071E521D6000182A37 /* TouchBarTest */ = {
			isa = PBXGroup;
			children = (
				82B24D081E521D6000182A37 /* AppDelegate.h */,
				82B24D091E521D6000182A37 /* AppDelegate.m */,
				82B24D0E1E521D6000182A37 /* Assets.xcassets */,
				82B24D351E52206800182A37 /* TouchBar.h */,
				82B24D101E521D6000182A37 /* MainMenu.xib */,
				82B24D131E521D6000182A37 /* Info.plist */,
				82B24D0B1E521D6000182A37 /* Supporting Files */,
			);
			path = TouchBarTest;
			sourceTree = "<group>";
		};
		82B24D0B1E521D6000182A37 /* Supporting Files */ = {
			isa = PBXGroup;
			children = (
				82B24D0C1E521D6000182A37 /* main.m */,
			);
			name = "Supporting Files";
			sourceTree = "<group>";
		};
		82B24D1B1E521D6000182A37 /* TouchBarTestTests */ = {
			isa = PBXGroup;
			children = (
				82B24D1C1E521D6000182A37 /* TouchBarTestTests.m */,
				82B24D1E1E521D6000182A37 /* Info.plist */,
			);
			path = TouchBarTestTests;
			sourceTree = "<group>";
		};
		82B24D261E521D6000182A37 /* TouchBarTestUITests */ = {
			isa = PBXGroup;
			children = (
				82B24D271E521D6000182A37 /* TouchBarTestUITests.m */,
				82B24D291E521D6000182A37 /* Info.plist */,
			);
			path = TouchBarTestUITests;
			sourceTree = "<group>";
		};
		82B24D361E5223D800182A37 /* Frameworks */ = {
			isa = PBXGroup;
			children = (
				82B24D371E5223D800182A37 /* DFRFoundation.framework */,
			);
			name = Frameworks;
			sourceTree = "<group>";
		};
/* End PBXGroup section */

/* Begin PBXNativeTarget section */
		82B24D041E521D6000182A37 /* TouchBarTest */ = {
			isa = PBXNativeTarget;
			buildConfigurationList = 82B24D2C1E521D6000182A37 /* Build configuration list for PBXNativeTarget "TouchBarTest" */;
			buildPhases = (
				82B24D011E521D6000182A37 /* Sources */,
				82B24D021E521D6000182A37 /* Frameworks */,
				82B24D031E521D6000182A37 /* Resources */,
			);
			buildRules = (
			);
			dependencies = (
			);
			name = TouchBarTest;
			productName = TouchBarTest;
			productReference = 82B24D051E521D6000182A37 /* TouchBarTest.app */;
			productType = "com.apple.product-type.application";
		};
		82B24D171E521D6000182A37 /* TouchBarTestTests */ = {
			isa = PBXNativeTarget;
			buildConfigurationList = 82B24D2F1E521D6000182A37 /* Build configuration list for PBXNativeTarget "TouchBarTestTests" */;
			buildPhases = (
				82B24D141E521D6000182A37 /* Sources */,
				82B24D151E521D6000182A37 /* Frameworks */,
				82B24D161E521D6000182A37 /* Resources */,
			);
			buildRules = (
			);
			dependencies = (
				82B24D1A1E521D6000182A37 /* PBXTargetDependency */,
			);
			name = TouchBarTestTests;
			productName = TouchBarTestTests;
			productReference = 82B24D181E521D6000182A37 /* TouchBarTestTests.xctest */;
			productType = "com.apple.product-type.bundle.unit-test";
		};
		82B24D221E521D6000182A37 /* TouchBarTestUITests */ = {
			isa = PBXNativeTarget;
			buildConfigurationList = 82B24D321E521D6000182A37 /* Build configuration list for PBXNativeTarget "TouchBarTestUITests" */;
			buildPhases = (
				82B24D1F1E521D6000182A37 /* Sources */,
				82B24D201E521D6000182A37 /* Frameworks */,
				82B24D211E521D6000182A37 /* Resources */,
			);
			buildRules = (
			);
			dependencies = (
				82B24D251E521D6000182A37 /* PBXTargetDependency */,
			);
			name = TouchBarTestUITests;
			productName = TouchBarTestUITests;
			productReference = 82B24D231E521D6000182A37 /* TouchBarTestUITests.xctest */;
			productType = "com.apple.product-type.bundle.ui-testing";
		};
/* End PBXNativeTarget section */

/* Begin PBXProject section */
		82B24CFD1E521D6000182A37 /* Project object */ = {
			isa = PBXProject;
			attributes = {
				LastUpgradeCheck = 0820;
				ORGANIZATIONNAME = "Alexsander Akers";
				TargetAttributes = {
					82B24D041E521D6000182A37 = {
						CreatedOnToolsVersion = 8.2.1;
						ProvisioningStyle = Automatic;
					};
					82B24D171E521D6000182A37 = {
						CreatedOnToolsVersion = 8.2.1;
						ProvisioningStyle = Automatic;
						TestTargetID = 82B24D041E521D6000182A37;
					};
					82B24D221E521D6000182A37 = {
						CreatedOnToolsVersion = 8.2.1;
						ProvisioningStyle = Automatic;
						TestTargetID = 82B24D041E521D6000182A37;
					};
				};
			};
			buildConfigurationList = 82B24D001E521D6000182A37 /* Build configuration list for PBXProject "TouchBarTest" */;
			compatibilityVersion = "Xcode 3.2";
			developmentRegion = English;
			hasScannedForEncodings = 0;
			knownRegions = (
				en,
				Base,
			);
			mainGroup = 82B24CFC1E521D6000182A37;
			productRefGroup = 82B24D061E521D6000182A37 /* Products */;
			projectDirPath = "";
			projectRoot = "";
			targets = (
				82B24D041E521D6000182A37 /* TouchBarTest */,
				82B24D171E521D6000182A37 /* TouchBarTestTests */,
				82B24D221E521D6000182A37 /* TouchBarTestUITests */,
			);
		};
/* End PBXProject section */

/* Begin PBXResourcesBuildPhase section */
		82B24D031E521D6000182A37 /* Resources */ = {
			isa = PBXResourcesBuildPhase;
			buildActionMask = 2147483647;
			files = (
				82B24D0F1E521D6000182A37 /* Assets.xcassets in Resources */,
				82B24D121E521D6000182A37 /* MainMenu.xib in Resources */,
			);
			runOnlyForDeploymentPostprocessing = 0;
		};
		82B24D161E521D6000182A37 /* Resources */ = {
			isa = PBXResourcesBuildPhase;
			buildActionMask = 2147483647;
			files = (
			);
			runOnlyForDeploymentPostprocessing = 0;
		};
		82B24D211E521D6000182A37 /* Resources */ = {
			isa = PBXResourcesBuildPhase;
			buildActionMask = 2147483647;
			files = (
			);
			runOnlyForDeploymentPostprocessing = 0;
		};
/* End PBXResourcesBuildPhase section */

/* Begin PBXSourcesBuildPhase section */
		82B24D011E521D6000182A37 /* Sources */ = {
			isa = PBXSourcesBuildPhase;
			buildActionMask = 2147483647;
			files = (
				82B24D0D1E521D6000182A37 /* main.m in Sources */,
				82B24D0A1E521D6000182A37 /* AppDelegate.m in Sources */,
			);
			runOnlyForDeploymentPostprocessing = 0;
		};
		82B24D141E521D6000182A37 /* Sources */ = {
			isa = PBXSourcesBuildPhase;
			buildActionMask = 2147483647;
			files = (
				82B24D1D1E521D6000182A37 /* TouchBarTestTests.m in Sources */,
			);
			runOnlyForDeploymentPostprocessing = 0;
		};
		82B24D1F1E521D6000182A37 /* Sources */ = {
			isa = PBXSourcesBuildPhase;
			buildActionMask = 2147483647;
			files = (
				82B24D281E521D6000182A37 /* TouchBarTestUITests.m in Sources */,
			);
			runOnlyForDeploymentPostprocessing = 0;
		};
/* End PBXSourcesBuildPhase section */

/* Begin PBXTargetDependency section */
		82B24D1A1E521D6000182A37 /* PBXTargetDependency */ = {
			isa = PBXTargetDependency;
			target = 82B24D041E521D6000182A37 /* TouchBarTest */;
			targetProxy = 82B24D191E521D6000182A37 /* PBXContainerItemProxy */;
		};
		82B24D251E521D6000182A37 /* PBXTargetDependency */ = {
			isa = PBXTargetDependency;
			target = 82B24D041E521D6000182A37 /* TouchBarTest */;
			targetProxy = 82B24D241E521D6000182A37 /* PBXContainerItemProxy */;
		};
/* End PBXTargetDependency section */

/* Begin PBXVariantGroup section */
		82B24D101E521D6000182A37 /* MainMenu.xib */ = {
			isa = PBXVariantGroup;
			children = (
				82B24D111E521D6000182A37 /* Base */,
			);
			name = MainMenu.xib;
			sourceTree = "<group>";
		};
/* End PBXVariantGroup section */

/* Begin XCBuildConfiguration section */
		82B24D2A1E521D6000182A37 /* Debug */ = {
			isa = XCBuildConfiguration;
			buildSettings = {
				ALWAYS_SEARCH_USER_PATHS = NO;
				CLANG_ANALYZER_NONNULL = YES;
				CLANG_CXX_LANGUAGE_STANDARD = "gnu++0x";
				CLANG_CXX_LIBRARY = "libc++";
				CLANG_ENABLE_MODULES = YES;
				CLANG_ENABLE_OBJC_ARC = YES;
				CLANG_WARN_BOOL_CONVERSION = YES;
				CLANG_WARN_CONSTANT_CONVERSION = YES;
				CLANG_WARN_DIRECT_OBJC_ISA_USAGE = YES_ERROR;
				CLANG_WARN_DOCUMENTATION_COMMENTS = YES;
				CLANG_WARN_EMPTY_BODY = YES;
				CLANG_WARN_ENUM_CONVERSION = YES;
				CLANG_WARN_INFINITE_RECURSION = YES;
				CLANG_WARN_INT_CONVERSION = YES;
				CLANG_WARN_OBJC_ROOT_CLASS = YES_ERROR;
				CLANG_WARN_SUSPICIOUS_MOVE = YES;
				CLANG_WARN_UNREACHABLE_CODE = YES;
				CLANG_WARN__DUPLICATE_METHOD_MATCH = YES;
				CODE_SIGN_IDENTITY = "-";
				COPY_PHASE_STRIP = NO;
				DEBUG_INFORMATION_FORMAT = dwarf;
				ENABLE_STRICT_OBJC_MSGSEND = YES;
				ENABLE_TESTABILITY = YES;
				GCC_C_LANGUAGE_STANDARD = gnu99;
				GCC_DYNAMIC_NO_PIC = NO;
				GCC_NO_COMMON_BLOCKS = YES;
				GCC_OPTIMIZATION_LEVEL = 0;
				GCC_PREPROCESSOR_DEFINITIONS = (
					"DEBUG=1",
					"$(inherited)",
				);
				GCC_WARN_64_TO_32_BIT_CONVERSION = YES;
				GCC_WARN_ABOUT_RETURN_TYPE = YES_ERROR;
				GCC_WARN_UNDECLARED_SELECTOR = YES;
				GCC_WARN_UNINITIALIZED_AUTOS = YES_AGGRESSIVE;
				GCC_WARN_UNUSED_FUNCTION = YES;
				GCC_WARN_UNUSED_VARIABLE = YES;
				MACOSX_DEPLOYMENT_TARGET = 10.12;
				MTL_ENABLE_DEBUG_INFO = YES;
				ONLY_ACTIVE_ARCH = YES;
				SDKROOT = macosx;
			};
			name = Debug;
		};
		82B24D2B1E521D6000182A37 /* Release */ = {
			isa = XCBuildConfiguration;
			buildSettings = {
				ALWAYS_SEARCH_USER_PATHS = NO;
				CLANG_ANALYZER_NONNULL = YES;
				CLANG_CXX_LANGUAGE_STANDARD = "gnu++0x";
				CLANG_CXX_LIBRARY = "libc++";
				CLANG_ENABLE_MODULES = YES;
				CLANG_ENABLE_OBJC_ARC = YES;
				CLANG_WARN_BOOL_CONVERSION = YES;
				CLANG_WARN_CONSTANT_CONVERSION = YES;
				CLANG_WARN_DIRECT_OBJC_ISA_USAGE = YES_ERROR;
				CLANG_WARN_DOCUMENTATION_COMMENTS = YES;
				CLANG_WARN_EMPTY_BODY = YES;
				CLANG_WARN_ENUM_CONVERSION = YES;
				CLANG_WARN_INFINITE_RECURSION = YES;
				CLANG_WARN_INT_CONVERSION = YES;
				CLANG_WARN_OBJC_ROOT_CLASS = YES_ERROR;
				CLANG_WARN_SUSPICIOUS_MOVE = YES;
				CLANG_WARN_UNREACHABLE_CODE = YES;
				CLANG_WARN__DUPLICATE_METHOD_MATCH = YES;
				CODE_SIGN_IDENTITY = "-";
				COPY_PHASE_STRIP = NO;
				DEBUG_INFORMATION_FORMAT = "dwarf-with-dsym";
				ENABLE_NS_ASSERTIONS = NO;
				ENABLE_STRICT_OBJC_MSGSEND = YES;
				GCC_C_LANGUAGE_STANDARD = gnu99;
				GCC_NO_COMMON_BLOCKS = YES;
				GCC_WARN_64_TO_32_BIT_CONVERSION = YES;
				GCC_WARN_ABOUT_RETURN_TYPE = YES_ERROR;
				GCC_WARN_UNDECLARED_SELECTOR = YES;
				GCC_WARN_UNINITIALIZED_AUTOS = YES_AGGRESSIVE;
				GCC_WARN_UNUSED_FUNCTION = YES;
				GCC_WARN_UNUSED_VARIABLE = YES;
				MACOSX_DEPLOYMENT_TARGET = 10.12;
				MTL_ENABLE_DEBUG_INFO = NO;
				SDKROOT = macosx;
			};
			name = Release;
		};
		82B24D2D1E521D6000182A37 /* Debug */ = {
			isa = XCBuildConfiguration;
			buildSettings = {
				ASSETCATALOG_COMPILER_APPICON_NAME = AppIcon;
				COMBINE_HIDPI_IMAGES = YES;
				FRAMEWORK_SEARCH_PATHS = (
					"$(inherited)",
					"$(SYSTEM_LIBRARY_DIR)/PrivateFrameworks",
				);
				INFOPLIST_FILE = TouchBarTest/Info.plist;
				LD_RUNPATH_SEARCH_PATHS = "$(inherited) @executable_path/../Frameworks";
				PRODUCT_BUNDLE_IDENTIFIER = io.a2.TouchBarTest;
				PRODUCT_NAME = "$(TARGET_NAME)";
			};
			name = Debug;
		};
		82B24D2E1E521D6000182A37 /* Release */ = {
			isa = XCBuildConfiguration;
			buildSettings = {
				ASSETCATALOG_COMPILER_APPICON_NAME = AppIcon;
				COMBINE_HIDPI_IMAGES = YES;
				FRAMEWORK_SEARCH_PATHS = (
					"$(inherited)",
					"$(SYSTEM_LIBRARY_DIR)/PrivateFrameworks",
				);
				INFOPLIST_FILE = TouchBarTest/Info.plist;
				LD_RUNPATH_SEARCH_PATHS = "$(inherited) @executable_path/../Frameworks";
				PRODUCT_BUNDLE_IDENTIFIER = io.a2.TouchBarTest;
				PRODUCT_NAME = "$(TARGET_NAME)";
			};
			name = Release;
		};
		82B24D301E521D6000182A37 /* Debug */ = {
			isa = XCBuildConfiguration;
			buildSettings = {
				BUNDLE_LOADER = "$(TEST_HOST)";
				COMBINE_HIDPI_IMAGES = YES;
				INFOPLIST_FILE = TouchBarTestTests/Info.plist;
				LD_RUNPATH_SEARCH_PATHS = "$(inherited) @executable_path/../Frameworks @loader_path/../Frameworks";
				PRODUCT_BUNDLE_IDENTIFIER = io.a2.TouchBarTestTests;
				PRODUCT_NAME = "$(TARGET_NAME)";
				TEST_HOST = "$(BUILT_PRODUCTS_DIR)/TouchBarTest.app/Contents/MacOS/TouchBarTest";
			};
			name = Debug;
		};
		82B24D311E521D6000182A37 /* Release */ = {
			isa = XCBuildConfiguration;
			buildSettings = {
				BUNDLE_LOADER = "$(TEST_HOST)";
				COMBINE_HIDPI_IMAGES = YES;
				INFOPLIST_FILE = TouchBarTestTests/Info.plist;
				LD_RUNPATH_SEARCH_PATHS = "$(inherited) @executable_path/../Frameworks @loader_path/../Frameworks";
				PRODUCT_BUNDLE_IDENTIFIER = io.a2.TouchBarTestTests;
				PRODUCT_NAME = "$(TARGET_NAME)";
				TEST_HOST = "$(BUILT_PRODUCTS_DIR)/TouchBarTest.app/Contents/MacOS/TouchBarTest";
			};
			name = Release;
		};
		82B24D331E521D6000182A37 /* Debug */ = {
			isa = XCBuildConfiguration;
			buildSettings = {
				COMBINE_HIDPI_IMAGES = YES;
				INFOPLIST_FILE = TouchBarTestUITests/Info.plist;
				LD_RUNPATH_SEARCH_PATHS = "$(inherited) @executable_path/../Frameworks @loader_path/../Frameworks";
				PRODUCT_BUNDLE_IDENTIFIER = io.a2.TouchBarTestUITests;
				PRODUCT_NAME = "$(TARGET_NAME)";
				TEST_TARGET_NAME = TouchBarTest;
			};
			name = Debug;
		};
		82B24D341E521D6000182A37 /* Release */ = {
			isa = XCBuildConfiguration;
			buildSettings = {
				COMBINE_HIDPI_IMAGES = YES;
				INFOPLIST_FILE = TouchBarTestUITests/Info.plist;
				LD_RUNPATH_SEARCH_PATHS = "$(inherited) @executable_path/../Frameworks @loader_path/../Frameworks";
				PRODUCT_BUNDLE_IDENTIFIER = io.a2.TouchBarTestUITests;
				PRODUCT_NAME = "$(TARGET_NAME)";
				TEST_TARGET_NAME = TouchBarTest;
			};
			name = Release;
		};
/* End XCBuildConfiguration section */

/* Begin XCConfigurationList section */
		82B24D001E521D6000182A37 /* Build configuration list for PBXProject "TouchBarTest" */ = {
			isa = XCConfigurationList;
			buildConfigurations = (
				82B24D2A1E521D6000182A37 /* Debug */,
				82B24D2B1E521D6000182A37 /* Release */,
			);
			defaultConfigurationIsVisible = 0;
			defaultConfigurationName = Release;
		};
		82B24D2C1E521D6000182A37 /* Build configuration list for PBXNativeTarget "TouchBarTest" */ = {
			isa = XCConfigurationList;
			buildConfigurations = (
				82B24D2D1E521D6000182A37 /* Debug */,
				82B24D2E1E521D6000182A37 /* Release */,
			);
			defaultConfigurationIsVisible = 0;
		};
		82B24D2F1E521D6000182A37 /* Build configuration list for PBXNativeTarget "TouchBarTestTests" */ = {
			isa = XCConfigurationList;
			buildConfigurations = (
				82B24D301E521D6000182A37 /* Debug */,
				82B24D311E521D6000182A37 /* Release */,
			);
			defaultConfigurationIsVisible = 0;
		};
		82B24D321E521D6000182A37 /* Build configuration list for PBXNativeTarget "TouchBarTestUITests" */ = {
			isa = XCConfigurationList;
			buildConfigurations = (
				82B24D331E521D6000182A37 /* Debug */,
				82B24D341E521D6000182A37 /* Release */,
			);
			defaultConfigurationIsVisible = 0;
		};
/* End XCConfigurationList section */
	};
	rootObject = 82B24CFD1E521D6000182A37 /* Project object */;
}
